
Microsoft Visual Studio Solution File, Format Version 12.00
# Visual Studio Version 16
VisualStudioVersion = 16.0.29613.14
MinimumVisualStudioVersion = 10.0.40219.1
Project("{9A19103F-16F7-4668-BE54-9A1E7A4F7556}") = "Synced", "Synced\Synced.csproj", "{C2DD13DD-A3DF-45F7-B08D-A974E86C9942}"
EndProject
Project("{9A19103F-16F7-4668-BE54-9A1E7A4F7556}") = "Test", "..\..\repos\Test\Test\Test.csproj", "{F540BA6E-05BB-4B91-A9CF-6108487AA36A}"
EndProject
Global
	GlobalSection(SolutionConfigurationPlatforms) = preSolution
		Debug|Any CPU = Debug|Any CPU
		Release|Any CPU = Release|Any CPU
	EndGlobalSection
	GlobalSection(ProjectConfigurationPlatforms) = postSolution
		{C2DD13DD-A3DF-45F7-B08D-A974E86C9942}.Debug|Any CPU.ActiveCfg = Debug|Any CPU
		{C2DD13DD-A3DF-45F7-B08D-A974E86C9942}.Debug|Any CPU.Build.0 = Debug|Any CPU
		{C2DD13DD-A3DF-45F7-B08D-A974E86C9942}.Release|Any CPU.ActiveCfg = Release|Any CPU
		{C2DD13DD-A3DF-45F7-B08D-A974E86C9942}.Release|Any CPU.Build.0 = Release|Any CPU
		{F540BA6E-05BB-4B91-A9CF-6108487AA36A}.Debug|Any CPU.ActiveCfg = Debug|Any CPU
		{F540BA6E-05BB-4B91-A9CF-6108487AA36A}.Debug|Any CPU.Build.0 = Debug|Any CPU
		{F540BA6E-05BB-4B91-A9CF-6108487AA36A}.Release|Any CPU.ActiveCfg = Release|Any CPU
		{F540BA6E-05BB-4B91-A9CF-6108487AA36A}.Release|Any CPU.Build.0 = Release|Any CPU
	EndGlobalSection
	GlobalSection(SolutionProperties) = preSolution
		HideSolutionNode = FALSE
	EndGlobalSection
	GlobalSection(ExtensibilityGlobals) = postSolution
		SolutionGuid = {C9330229-8172-429C-9706-0BF390BCC359}
	EndGlobalSection
EndGlobal
