
Microsoft Visual Studio Solution File, Format Version 12.00
# Visual Studio Version 16
VisualStudioVersion = 16.0.29613.14
MinimumVisualStudioVersion = 10.0.40219.1
Project("{FAE04EC0-301F-11D3-BF4B-00C04F79EFBC}") = "Synced", "Synced.csproj", "{50D74D3F-4293-49B2-BAF4-3AA255A7108A}"
EndProject
Global
	GlobalSection(SolutionConfigurationPlatforms) = preSolution
		Debug|Any CPU = Debug|Any CPU
		Release|Any CPU = Release|Any CPU
	EndGlobalSection
	GlobalSection(ProjectConfigurationPlatforms) = postSolution
		{50D74D3F-4293-49B2-BAF4-3AA255A7108A}.Debug|Any CPU.ActiveCfg = Debug|Any CPU
		{50D74D3F-4293-49B2-BAF4-3AA255A7108A}.Debug|Any CPU.Build.0 = Debug|Any CPU
		{50D74D3F-4293-49B2-BAF4-3AA255A7108A}.Release|Any CPU.ActiveCfg = Release|Any CPU
		{50D74D3F-4293-49B2-BAF4-3AA255A7108A}.Release|Any CPU.Build.0 = Release|Any CPU
	EndGlobalSection
	GlobalSection(SolutionProperties) = preSolution
		HideSolutionNode = FALSE
	EndGlobalSection
	GlobalSection(ExtensibilityGlobals) = postSolution
		SolutionGuid = {C9330229-8172-429C-9706-0BF390BCC359}
	EndGlobalSection
EndGlobal
